
Microsoft Visual Studio Solution File, Format Version 12.00
# Visual Studio Version 16
VisualStudioVersion = 16.0.29123.88
MinimumVisualStudioVersion = 10.0.40219.1
Project("{9A19103F-16F7-4668-BE54-9A1E7A4F7556}") = "CoinAPI.REST.V1", "CoinAPI.REST.V1\CoinAPI.REST.V1.csproj", "{E7D2BCE4-B23E-4BDB-8836-D4DBB267B87B}"
EndProject
Project("{9A19103F-16F7-4668-BE54-9A1E7A4F7556}") = "CoinAPI.REST.V1.Example", "CoinAPI.REST.V1.Example\CoinAPI.REST.V1.Example.csproj", "{B8A15F62-52E6-4087-9C3E-98DAFAE00D35}"
EndProject
Project("{FAE04EC0-301F-11D3-BF4B-00C04F79EFBC}") = "CoinAPI.REST.V1.Tests", "CoinAPI.REST.V1.Tests\CoinAPI.REST.V1.Tests.csproj", "{BD2C0E09-9338-4138-8FB4-81ED002CB88C}"
EndProject
Global
	GlobalSection(SolutionConfigurationPlatforms) = preSolution
		Debug|Any CPU = Debug|Any CPU
		Release|Any CPU = Release|Any CPU
	EndGlobalSection
	GlobalSection(ProjectConfigurationPlatforms) = postSolution
		{E7D2BCE4-B23E-4BDB-8836-D4DBB267B87B}.Debug|Any CPU.ActiveCfg = Debug|Any CPU
		{E7D2BCE4-B23E-4BDB-8836-D4DBB267B87B}.Debug|Any CPU.Build.0 = Debug|Any CPU
		{E7D2BCE4-B23E-4BDB-8836-D4DBB267B87B}.Release|Any CPU.ActiveCfg = Release|Any CPU
		{E7D2BCE4-B23E-4BDB-8836-D4DBB267B87B}.Release|Any CPU.Build.0 = Release|Any CPU
		{B8A15F62-52E6-4087-9C3E-98DAFAE00D35}.Debug|Any CPU.ActiveCfg = Debug|Any CPU
		{B8A15F62-52E6-4087-9C3E-98DAFAE00D35}.Debug|Any CPU.Build.0 = Debug|Any CPU
		{B8A15F62-52E6-4087-9C3E-98DAFAE00D35}.Release|Any CPU.ActiveCfg = Release|Any CPU
		{B8A15F62-52E6-4087-9C3E-98DAFAE00D35}.Release|Any CPU.Build.0 = Release|Any CPU
		{BD2C0E09-9338-4138-8FB4-81ED002CB88C}.Debug|Any CPU.ActiveCfg = Debug|Any CPU
		{BD2C0E09-9338-4138-8FB4-81ED002CB88C}.Debug|Any CPU.Build.0 = Debug|Any CPU
		{BD2C0E09-9338-4138-8FB4-81ED002CB88C}.Release|Any CPU.ActiveCfg = Release|Any CPU
		{BD2C0E09-9338-4138-8FB4-81ED002CB88C}.Release|Any CPU.Build.0 = Release|Any CPU
	EndGlobalSection
	GlobalSection(SolutionProperties) = preSolution
		HideSolutionNode = FALSE
	EndGlobalSection
	GlobalSection(ExtensibilityGlobals) = postSolution
		SolutionGuid = {8BC0B75C-4F2E-4635-8977-CBB54B2C7CF1}
	EndGlobalSection
EndGlobal
