
Microsoft Visual Studio Solution File, Format Version 12.00
# Visual Studio Version 16
VisualStudioVersion = 16.0.30225.117
MinimumVisualStudioVersion = 10.0.40219.1
Project("{9A19103F-16F7-4668-BE54-9A1E7A4F7556}") = "CoinAPI.OEML.FixClient", "CoinAPI.OEML.FixClient.csproj", "{9B109F19-BD87-4E38-8AC5-55B7FCAAB607}"
EndProject
Global
	GlobalSection(SolutionConfigurationPlatforms) = preSolution
		Debug|Any CPU = Debug|Any CPU
		Release|Any CPU = Release|Any CPU
	EndGlobalSection
	GlobalSection(ProjectConfigurationPlatforms) = postSolution
		{9B109F19-BD87-4E38-8AC5-55B7FCAAB607}.Debug|Any CPU.ActiveCfg = Debug|Any CPU
		{9B109F19-BD87-4E38-8AC5-55B7FCAAB607}.Debug|Any CPU.Build.0 = Debug|Any CPU
		{9B109F19-BD87-4E38-8AC5-55B7FCAAB607}.Release|Any CPU.ActiveCfg = Release|Any CPU
		{9B109F19-BD87-4E38-8AC5-55B7FCAAB607}.Release|Any CPU.Build.0 = Release|Any CPU
	EndGlobalSection
	GlobalSection(SolutionProperties) = preSolution
		HideSolutionNode = FALSE
	EndGlobalSection
	GlobalSection(ExtensibilityGlobals) = postSolution
		SolutionGuid = {4941B4B2-50FB-4B64-8F8E-518F05331BAE}
	EndGlobalSection
EndGlobal
