
Microsoft Visual Studio Solution File, Format Version 12.00
# Visual Studio Version 16
VisualStudioVersion = 16.0.30717.126
MinimumVisualStudioVersion = 10.0.40219.1
Project("{9A19103F-16F7-4668-BE54-9A1E7A4F7556}") = "limitbook_full_l2l3", "limitbook_full_l2l3.csproj", "{4F5425E5-DE39-497D-867F-37B38316E5B2}"
EndProject
Global
	GlobalSection(SolutionConfigurationPlatforms) = preSolution
		Debug|Any CPU = Debug|Any CPU
		Release|Any CPU = Release|Any CPU
	EndGlobalSection
	GlobalSection(ProjectConfigurationPlatforms) = postSolution
		{4F5425E5-DE39-497D-867F-37B38316E5B2}.Debug|Any CPU.ActiveCfg = Debug|Any CPU
		{4F5425E5-DE39-497D-867F-37B38316E5B2}.Debug|Any CPU.Build.0 = Debug|Any CPU
		{4F5425E5-DE39-497D-867F-37B38316E5B2}.Release|Any CPU.ActiveCfg = Release|Any CPU
		{4F5425E5-DE39-497D-867F-37B38316E5B2}.Release|Any CPU.Build.0 = Release|Any CPU
	EndGlobalSection
	GlobalSection(SolutionProperties) = preSolution
		HideSolutionNode = FALSE
	EndGlobalSection
	GlobalSection(ExtensibilityGlobals) = postSolution
		SolutionGuid = {B47CE903-BF3E-43CC-9C77-B55AC6D41558}
	EndGlobalSection
EndGlobal
